
Microsoft Visual Studio Solution File, Format Version 12.00
# Visual Studio 14
VisualStudioVersion = 14.0.23107.0
MinimumVisualStudioVersion = 10.0.40219.1
Project("{2150E333-8FDC-42A3-9474-1A3956D46DE8}") = "Core", "Core", "{97E47552-9804-4B21-B8A9-2681FB4DC09B}"
EndProject
Project("{8BC9CEB8-8B4A-11D0-8D11-00A0C91BC942}") = "Gazebo.Core.Engine", "Core\Gazebo.Core.Engine\Gazebo.Core.Engine.vcxproj", "{A912DC18-388A-4880-80E8-17691885E247}"
EndProject
Project("{2150E333-8FDC-42A3-9474-1A3956D46DE8}") = "Simulator", "Simulator", "{5934863A-7A11-4D63-B83A-AC981AE0F505}"
EndProject
Project("{FAE04EC0-301F-11D3-BF4B-00C04F79EFBC}") = "Gazebo.Simulator.Interop", "Simulator\Gazebo.Simulator.Interop\Gazebo.Simulator.Interop.csproj", "{F442B01E-922B-4D59-AAA4-3563EC3264EA}"
	ProjectSection(ProjectDependencies) = postProject
		{A912DC18-388A-4880-80E8-17691885E247} = {A912DC18-388A-4880-80E8-17691885E247}
	EndProjectSection
EndProject
Project("{FAE04EC0-301F-11D3-BF4B-00C04F79EFBC}") = "Gazebo.Simulator.UI", "Simulator\Gazebo.Simulator.UI\Gazebo.Simulator.UI\Gazebo.Simulator.UI.csproj", "{E918B3CD-7B6B-49EC-851D-C560101DE566}"
EndProject
Project("{FAE04EC0-301F-11D3-BF4B-00C04F79EFBC}") = "Gazebo.Simulator.Sequence", "Simulator\Gazebo.Simulator.Sequence\Gazebo.Simulator.Sequence.csproj", "{31B6B889-4094-4DC8-8CE6-8BE40325600A}"
EndProject
Global
	GlobalSection(SolutionConfigurationPlatforms) = preSolution
		Debug|Any CPU = Debug|Any CPU
		Debug|x64 = Debug|x64
		Debug|x86 = Debug|x86
		Release|Any CPU = Release|Any CPU
		Release|x64 = Release|x64
		Release|x86 = Release|x86
	EndGlobalSection
	GlobalSection(ProjectConfigurationPlatforms) = postSolution
		{A912DC18-388A-4880-80E8-17691885E247}.Debug|Any CPU.ActiveCfg = Debug|Win32
		{A912DC18-388A-4880-80E8-17691885E247}.Debug|x64.ActiveCfg = Debug|x64
		{A912DC18-388A-4880-80E8-17691885E247}.Debug|x64.Build.0 = Debug|x64
		{A912DC18-388A-4880-80E8-17691885E247}.Debug|x86.ActiveCfg = Debug|Win32
		{A912DC18-388A-4880-80E8-17691885E247}.Debug|x86.Build.0 = Debug|Win32
		{A912DC18-388A-4880-80E8-17691885E247}.Release|Any CPU.ActiveCfg = Release|Win32
		{A912DC18-388A-4880-80E8-17691885E247}.Release|x64.ActiveCfg = Release|x64
		{A912DC18-388A-4880-80E8-17691885E247}.Release|x64.Build.0 = Release|x64
		{A912DC18-388A-4880-80E8-17691885E247}.Release|x86.ActiveCfg = Release|Win32
		{A912DC18-388A-4880-80E8-17691885E247}.Release|x86.Build.0 = Release|Win32
		{F442B01E-922B-4D59-AAA4-3563EC3264EA}.Debug|Any CPU.ActiveCfg = Debug|Any CPU
		{F442B01E-922B-4D59-AAA4-3563EC3264EA}.Debug|Any CPU.Build.0 = Debug|Any CPU
		{F442B01E-922B-4D59-AAA4-3563EC3264EA}.Debug|x64.ActiveCfg = Debug|Any CPU
		{F442B01E-922B-4D59-AAA4-3563EC3264EA}.Debug|x64.Build.0 = Debug|Any CPU
		{F442B01E-922B-4D59-AAA4-3563EC3264EA}.Debug|x86.ActiveCfg = Debug|Any CPU
		{F442B01E-922B-4D59-AAA4-3563EC3264EA}.Debug|x86.Build.0 = Debug|Any CPU
		{F442B01E-922B-4D59-AAA4-3563EC3264EA}.Release|Any CPU.ActiveCfg = Release|Any CPU
		{F442B01E-922B-4D59-AAA4-3563EC3264EA}.Release|Any CPU.Build.0 = Release|Any CPU
		{F442B01E-922B-4D59-AAA4-3563EC3264EA}.Release|x64.ActiveCfg = Release|Any CPU
		{F442B01E-922B-4D59-AAA4-3563EC3264EA}.Release|x64.Build.0 = Release|Any CPU
		{F442B01E-922B-4D59-AAA4-3563EC3264EA}.Release|x86.ActiveCfg = Release|Any CPU
		{F442B01E-922B-4D59-AAA4-3563EC3264EA}.Release|x86.Build.0 = Release|Any CPU
		{E918B3CD-7B6B-49EC-851D-C560101DE566}.Debug|Any CPU.ActiveCfg = Debug|Any CPU
		{E918B3CD-7B6B-49EC-851D-C560101DE566}.Debug|Any CPU.Build.0 = Debug|Any CPU
		{E918B3CD-7B6B-49EC-851D-C560101DE566}.Debug|x64.ActiveCfg = Debug|Any CPU
		{E918B3CD-7B6B-49EC-851D-C560101DE566}.Debug|x64.Build.0 = Debug|Any CPU
		{E918B3CD-7B6B-49EC-851D-C560101DE566}.Debug|x86.ActiveCfg = Debug|Any CPU
		{E918B3CD-7B6B-49EC-851D-C560101DE566}.Debug|x86.Build.0 = Debug|Any CPU
		{E918B3CD-7B6B-49EC-851D-C560101DE566}.Release|Any CPU.ActiveCfg = Release|Any CPU
		{E918B3CD-7B6B-49EC-851D-C560101DE566}.Release|Any CPU.Build.0 = Release|Any CPU
		{E918B3CD-7B6B-49EC-851D-C560101DE566}.Release|x64.ActiveCfg = Release|Any CPU
		{E918B3CD-7B6B-49EC-851D-C560101DE566}.Release|x64.Build.0 = Release|Any CPU
		{E918B3CD-7B6B-49EC-851D-C560101DE566}.Release|x86.ActiveCfg = Release|Any CPU
		{E918B3CD-7B6B-49EC-851D-C560101DE566}.Release|x86.Build.0 = Release|Any CPU
		{31B6B889-4094-4DC8-8CE6-8BE40325600A}.Debug|Any CPU.ActiveCfg = Debug|Any CPU
		{31B6B889-4094-4DC8-8CE6-8BE40325600A}.Debug|Any CPU.Build.0 = Debug|Any CPU
		{31B6B889-4094-4DC8-8CE6-8BE40325600A}.Debug|x64.ActiveCfg = Debug|Any CPU
		{31B6B889-4094-4DC8-8CE6-8BE40325600A}.Debug|x64.Build.0 = Debug|Any CPU
		{31B6B889-4094-4DC8-8CE6-8BE40325600A}.Debug|x86.ActiveCfg = Debug|Any CPU
		{31B6B889-4094-4DC8-8CE6-8BE40325600A}.Debug|x86.Build.0 = Debug|Any CPU
		{31B6B889-4094-4DC8-8CE6-8BE40325600A}.Release|Any CPU.ActiveCfg = Release|Any CPU
		{31B6B889-4094-4DC8-8CE6-8BE40325600A}.Release|Any CPU.Build.0 = Release|Any CPU
		{31B6B889-4094-4DC8-8CE6-8BE40325600A}.Release|x64.ActiveCfg = Release|Any CPU
		{31B6B889-4094-4DC8-8CE6-8BE40325600A}.Release|x64.Build.0 = Release|Any CPU
		{31B6B889-4094-4DC8-8CE6-8BE40325600A}.Release|x86.ActiveCfg = Release|Any CPU
		{31B6B889-4094-4DC8-8CE6-8BE40325600A}.Release|x86.Build.0 = Release|Any CPU
	EndGlobalSection
	GlobalSection(SolutionProperties) = preSolution
		HideSolutionNode = FALSE
	EndGlobalSection
	GlobalSection(NestedProjects) = preSolution
		{A912DC18-388A-4880-80E8-17691885E247} = {97E47552-9804-4B21-B8A9-2681FB4DC09B}
		{F442B01E-922B-4D59-AAA4-3563EC3264EA} = {5934863A-7A11-4D63-B83A-AC981AE0F505}
		{E918B3CD-7B6B-49EC-851D-C560101DE566} = {5934863A-7A11-4D63-B83A-AC981AE0F505}
		{31B6B889-4094-4DC8-8CE6-8BE40325600A} = {5934863A-7A11-4D63-B83A-AC981AE0F505}
	EndGlobalSection
EndGlobal
